// !$*UTF8*$!
{
	archiveVersion = 1;
	classes = {
	};
	objectVersion = 56;
	objects = {

/* Begin PBXBuildFile section */
		36897FD82AB57D9F00061BE3 /* UICollectionViewInboxLayout.swift in Sources */ = {isa = PBXBuildFile; fileRef = 36897FD72AB57D9F00061BE3 /* UICollectionViewInboxLayout.swift */; };
		6679E84B2AB0ADFE004C6204 /* InboxItem.swift in Sources */ = {isa = PBXBuildFile; fileRef = 6679E84A2AB0ADFE004C6204 /* InboxItem.swift */; };
		66BA50D62AAF56B60013EF0D /* AppDelegate.swift in Sources */ = {isa = PBXBuildFile; fileRef = 66BA50D52AAF56B60013EF0D /* AppDelegate.swift */; };
		66BA50D82AAF56B60013EF0D /* SceneDelegate.swift in Sources */ = {isa = PBXBuildFile; fileRef = 66BA50D72AAF56B60013EF0D /* SceneDelegate.swift */; };
		66BA50DA2AAF56B60013EF0D /* InboxViewController.swift in Sources */ = {isa = PBXBuildFile; fileRef = 66BA50D92AAF56B60013EF0D /* InboxViewController.swift */; };
		66BA50DD2AAF56B60013EF0D /* Main.storyboard in Resources */ = {isa = PBXBuildFile; fileRef = 66BA50DB2AAF56B60013EF0D /* Main.storyboard */; };
		66BA50DF2AAF56B70013EF0D /* Assets.xcassets in Resources */ = {isa = PBXBuildFile; fileRef = 66BA50DE2AAF56B70013EF0D /* Assets.xcassets */; };
		66BA50E22AAF56B70013EF0D /* LaunchScreen.storyboard in Resources */ = {isa = PBXBuildFile; fileRef = 66BA50E02AAF56B70013EF0D /* LaunchScreen.storyboard */; };
		66BA50EA2AAF59370013EF0D /* InboxCell.swift in Sources */ = {isa = PBXBuildFile; fileRef = 66BA50E92AAF59370013EF0D /* InboxCell.swift */; };
		66BA50ED2AAF5A180013EF0D /* Kingfisher in Frameworks */ = {isa = PBXBuildFile; productRef = 66BA50EC2AAF5A180013EF0D /* Kingfisher */; };
/* End PBXBuildFile section */

/* Begin PBXFileReference section */
		36897FD72AB57D9F00061BE3 /* UICollectionViewInboxLayout.swift */ = {isa = PBXFileReference; lastKnownFileType = sourcecode.swift; path = UICollectionViewInboxLayout.swift; sourceTree = "<group>"; };
		6679E84A2AB0ADFE004C6204 /* InboxItem.swift */ = {isa = PBXFileReference; lastKnownFileType = sourcecode.swift; path = InboxItem.swift; sourceTree = "<group>"; };
		66BA50D22AAF56B60013EF0D /* GroupInbox.app */ = {isa = PBXFileReference; explicitFileType = wrapper.application; includeInIndex = 0; path = GroupInbox.app; sourceTree = BUILT_PRODUCTS_DIR; };
		66BA50D52AAF56B60013EF0D /* AppDelegate.swift */ = {isa = PBXFileReference; lastKnownFileType = sourcecode.swift; path = AppDelegate.swift; sourceTree = "<group>"; };
		66BA50D72AAF56B60013EF0D /* SceneDelegate.swift */ = {isa = PBXFileReference; lastKnownFileType = sourcecode.swift; path = SceneDelegate.swift; sourceTree = "<group>"; };
		66BA50D92AAF56B60013EF0D /* InboxViewController.swift */ = {isa = PBXFileReference; lastKnownFileType = sourcecode.swift; path = InboxViewController.swift; sourceTree = "<group>"; };
		66BA50DC2AAF56B60013EF0D /* Base */ = {isa = PBXFileReference; lastKnownFileType = file.storyboard; name = Base; path = Base.lproj/Main.storyboard; sourceTree = "<group>"; };
		66BA50DE2AAF56B70013EF0D /* Assets.xcassets */ = {isa = PBXFileReference; lastKnownFileType = folder.assetcatalog; path = Assets.xcassets; sourceTree = "<group>"; };
		66BA50E12AAF56B70013EF0D /* Base */ = {isa = PBXFileReference; lastKnownFileType = file.storyboard; name = Base; path = Base.lproj/LaunchScreen.storyboard; sourceTree = "<group>"; };
		66BA50E32AAF56B70013EF0D /* Info.plist */ = {isa = PBXFileReference; lastKnownFileType = text.plist.xml; path = Info.plist; sourceTree = "<group>"; };
		66BA50E92AAF59370013EF0D /* InboxCell.swift */ = {isa = PBXFileReference; lastKnownFileType = sourcecode.swift; path = InboxCell.swift; sourceTree = "<group>"; };
/* End PBXFileReference section */

/* Begin PBXFrameworksBuildPhase section */
		66BA50CF2AAF56B60013EF0D /* Frameworks */ = {
			isa = PBXFrameworksBuildPhase;
			buildActionMask = 2147483647;
			files = (
				66BA50ED2AAF5A180013EF0D /* Kingfisher in Frameworks */,
			);
			runOnlyForDeploymentPostprocessing = 0;
		};
/* End PBXFrameworksBuildPhase section */

/* Begin PBXGroup section */
		66BA50C92AAF56B60013EF0D = {
			isa = PBXGroup;
			children = (
				66BA50D42AAF56B60013EF0D /* GroupInbox */,
				66BA50D32AAF56B60013EF0D /* Products */,
			);
			sourceTree = "<group>";
		};
		66BA50D32AAF56B60013EF0D /* Products */ = {
			isa = PBXGroup;
			children = (
				66BA50D22AAF56B60013EF0D /* GroupInbox.app */,
			);
			name = Products;
			sourceTree = "<group>";
		};
		66BA50D42AAF56B60013EF0D /* GroupInbox */ = {
			isa = PBXGroup;
			children = (
				66BA50D52AAF56B60013EF0D /* AppDelegate.swift */,
				66BA50D72AAF56B60013EF0D /* SceneDelegate.swift */,
				66BA50D92AAF56B60013EF0D /* InboxViewController.swift */,
				36897FD72AB57D9F00061BE3 /* UICollectionViewInboxLayout.swift */,
				66BA50E92AAF59370013EF0D /* InboxCell.swift */,
				6679E84A2AB0ADFE004C6204 /* InboxItem.swift */,
				66BA50DB2AAF56B60013EF0D /* Main.storyboard */,
				66BA50DE2AAF56B70013EF0D /* Assets.xcassets */,
				66BA50E02AAF56B70013EF0D /* LaunchScreen.storyboard */,
				66BA50E32AAF56B70013EF0D /* Info.plist */,
			);
			path = GroupInbox;
			sourceTree = "<group>";
		};
/* End PBXGroup section */

/* Begin PBXNativeTarget section */
		66BA50D12AAF56B60013EF0D /* GroupInbox */ = {
			isa = PBXNativeTarget;
			buildConfigurationList = 66BA50E62AAF56B70013EF0D /* Build configuration list for PBXNativeTarget "GroupInbox" */;
			buildPhases = (
				66BA50CE2AAF56B60013EF0D /* Sources */,
				66BA50CF2AAF56B60013EF0D /* Frameworks */,
				66BA50D02AAF56B60013EF0D /* Resources */,
			);
			buildRules = (
			);
			dependencies = (
			);
			name = GroupInbox;
			packageProductDependencies = (
				66BA50EC2AAF5A180013EF0D /* Kingfisher */,
			);
			productName = GroupInbox;
			productReference = 66BA50D22AAF56B60013EF0D /* GroupInbox.app */;
			productType = "com.apple.product-type.application";
		};
/* End PBXNativeTarget section */

/* Begin PBXProject section */
		66BA50CA2AAF56B60013EF0D /* Project object */ = {
			isa = PBXProject;
			attributes = {
				BuildIndependentTargetsInParallel = 1;
				LastSwiftUpdateCheck = 1420;
				LastUpgradeCheck = 1420;
				TargetAttributes = {
					66BA50D12AAF56B60013EF0D = {
						CreatedOnToolsVersion = 14.2;
					};
				};
			};
			buildConfigurationList = 66BA50CD2AAF56B60013EF0D /* Build configuration list for PBXProject "GroupInbox" */;
			compatibilityVersion = "Xcode 14.0";
			developmentRegion = en;
			hasScannedForEncodings = 0;
			knownRegions = (
				en,
				Base,
			);
			mainGroup = 66BA50C92AAF56B60013EF0D;
			packageReferences = (
				66BA50EB2AAF5A180013EF0D /* XCRemoteSwiftPackageReference "Kingfisher" */,
			);
			productRefGroup = 66BA50D32AAF56B60013EF0D /* Products */;
			projectDirPath = "";
			projectRoot = "";
			targets = (
				66BA50D12AAF56B60013EF0D /* GroupInbox */,
			);
		};
/* End PBXProject section */

/* Begin PBXResourcesBuildPhase section */
		66BA50D02AAF56B60013EF0D /* Resources */ = {
			isa = PBXResourcesBuildPhase;
			buildActionMask = 2147483647;
			files = (
				66BA50E22AAF56B70013EF0D /* LaunchScreen.storyboard in Resources */,
				66BA50DF2AAF56B70013EF0D /* Assets.xcassets in Resources */,
				66BA50DD2AAF56B60013EF0D /* Main.storyboard in Resources */,
			);
			runOnlyForDeploymentPostprocessing = 0;
		};
/* End PBXResourcesBuildPhase section */

/* Begin PBXSourcesBuildPhase section */
		66BA50CE2AAF56B60013EF0D /* Sources */ = {
			isa = PBXSourcesBuildPhase;
			buildActionMask = 2147483647;
			files = (
				6679E84B2AB0ADFE004C6204 /* InboxItem.swift in Sources */,
				66BA50DA2AAF56B60013EF0D /* InboxViewController.swift in Sources */,
				66BA50D62AAF56B60013EF0D /* AppDelegate.swift in Sources */,
				36897FD82AB57D9F00061BE3 /* UICollectionViewInboxLayout.swift in Sources */,
				66BA50EA2AAF59370013EF0D /* InboxCell.swift in Sources */,
				66BA50D82AAF56B60013EF0D /* SceneDelegate.swift in Sources */,
			);
			runOnlyForDeploymentPostprocessing = 0;
		};
/* End PBXSourcesBuildPhase section */

/* Begin PBXVariantGroup section */
		66BA50DB2AAF56B60013EF0D /* Main.storyboard */ = {
			isa = PBXVariantGroup;
			children = (
				66BA50DC2AAF56B60013EF0D /* Base */,
			);
			name = Main.storyboard;
			sourceTree = "<group>";
		};
		66BA50E02AAF56B70013EF0D /* LaunchScreen.storyboard */ = {
			isa = PBXVariantGroup;
			children = (
				66BA50E12AAF56B70013EF0D /* Base */,
			);
			name = LaunchScreen.storyboard;
			sourceTree = "<group>";
		};
/* End PBXVariantGroup section */

/* Begin XCBuildConfiguration section */
		66BA50E42AAF56B70013EF0D /* Debug */ = {
			isa = XCBuildConfiguration;
			buildSettings = {
				ALWAYS_SEARCH_USER_PATHS = NO;
				CLANG_ANALYZER_NONNULL = YES;
				CLANG_ANALYZER_NUMBER_OBJECT_CONVERSION = YES_AGGRESSIVE;
				CLANG_CXX_LANGUAGE_STANDARD = "gnu++20";
				CLANG_ENABLE_MODULES = YES;
				CLANG_ENABLE_OBJC_ARC = YES;
				CLANG_ENABLE_OBJC_WEAK = YES;
				CLANG_WARN_BLOCK_CAPTURE_AUTORELEASING = YES;
				CLANG_WARN_BOOL_CONVERSION = YES;
				CLANG_WARN_COMMA = YES;
				CLANG_WARN_CONSTANT_CONVERSION = YES;
				CLANG_WARN_DEPRECATED_OBJC_IMPLEMENTATIONS = YES;
				CLANG_WARN_DIRECT_OBJC_ISA_USAGE = YES_ERROR;
				CLANG_WARN_DOCUMENTATION_COMMENTS = YES;
				CLANG_WARN_EMPTY_BODY = YES;
				CLANG_WARN_ENUM_CONVERSION = YES;
				CLANG_WARN_INFINITE_RECURSION = YES;
				CLANG_WARN_INT_CONVERSION = YES;
				CLANG_WARN_NON_LITERAL_NULL_CONVERSION = YES;
				CLANG_WARN_OBJC_IMPLICIT_RETAIN_SELF = YES;
				CLANG_WARN_OBJC_LITERAL_CONVERSION = YES;
				CLANG_WARN_OBJC_ROOT_CLASS = YES_ERROR;
				CLANG_WARN_QUOTED_INCLUDE_IN_FRAMEWORK_HEADER = YES;
				CLANG_WARN_RANGE_LOOP_ANALYSIS = YES;
				CLANG_WARN_STRICT_PROTOTYPES = YES;
				CLANG_WARN_SUSPICIOUS_MOVE = YES;
				CLANG_WARN_UNGUARDED_AVAILABILITY = YES_AGGRESSIVE;
				CLANG_WARN_UNREACHABLE_CODE = YES;
				CLANG_WARN__DUPLICATE_METHOD_MATCH = YES;
				COPY_PHASE_STRIP = NO;
				DEBUG_INFORMATION_FORMAT = dwarf;
				ENABLE_STRICT_OBJC_MSGSEND = YES;
				ENABLE_TESTABILITY = YES;
				GCC_C_LANGUAGE_STANDARD = gnu11;
				GCC_DYNAMIC_NO_PIC = NO;
				GCC_NO_COMMON_BLOCKS = YES;
				GCC_OPTIMIZATION_LEVEL = 0;
				GCC_PREPROCESSOR_DEFINITIONS = (
					"DEBUG=1",
					"$(inherited)",
				);
				GCC_WARN_64_TO_32_BIT_CONVERSION = YES;
				GCC_WARN_ABOUT_RETURN_TYPE = YES_ERROR;
				GCC_WARN_UNDECLARED_SELECTOR = YES;
				GCC_WARN_UNINITIALIZED_AUTOS = YES_AGGRESSIVE;
				GCC_WARN_UNUSED_FUNCTION = YES;
				GCC_WARN_UNUSED_VARIABLE = YES;
				IPHONEOS_DEPLOYMENT_TARGET = 16.2;
				MTL_ENABLE_DEBUG_INFO = INCLUDE_SOURCE;
				MTL_FAST_MATH = YES;
				ONLY_ACTIVE_ARCH = YES;
				SDKROOT = iphoneos;
				SWIFT_ACTIVE_COMPILATION_CONDITIONS = DEBUG;
				SWIFT_OPTIMIZATION_LEVEL = "-Onone";
			};
			name = Debug;
		};
		66BA50E52AAF56B70013EF0D /* Release */ = {
			isa = XCBuildConfiguration;
			buildSettings = {
				ALWAYS_SEARCH_USER_PATHS = NO;
				CLANG_ANALYZER_NONNULL = YES;
				CLANG_ANALYZER_NUMBER_OBJECT_CONVERSION = YES_AGGRESSIVE;
				CLANG_CXX_LANGUAGE_STANDARD = "gnu++20";
				CLANG_ENABLE_MODULES = YES;
				CLANG_ENABLE_OBJC_ARC = YES;
				CLANG_ENABLE_OBJC_WEAK = YES;
				CLANG_WARN_BLOCK_CAPTURE_AUTORELEASING = YES;
				CLANG_WARN_BOOL_CONVERSION = YES;
				CLANG_WARN_COMMA = YES;
				CLANG_WARN_CONSTANT_CONVERSION = YES;
				CLANG_WARN_DEPRECATED_OBJC_IMPLEMENTATIONS = YES;
				CLANG_WARN_DIRECT_OBJC_ISA_USAGE = YES_ERROR;
				CLANG_WARN_DOCUMENTATION_COMMENTS = YES;
				CLANG_WARN_EMPTY_BODY = YES;
				CLANG_WARN_ENUM_CONVERSION = YES;
				CLANG_WARN_INFINITE_RECURSION = YES;
				CLANG_WARN_INT_CONVERSION = YES;
				CLANG_WARN_NON_LITERAL_NULL_CONVERSION = YES;
				CLANG_WARN_OBJC_IMPLICIT_RETAIN_SELF = YES;
				CLANG_WARN_OBJC_LITERAL_CONVERSION = YES;
				CLANG_WARN_OBJC_ROOT_CLASS = YES_ERROR;
				CLANG_WARN_QUOTED_INCLUDE_IN_FRAMEWORK_HEADER = YES;
				CLANG_WARN_RANGE_LOOP_ANALYSIS = YES;
				CLANG_WARN_STRICT_PROTOTYPES = YES;
				CLANG_WARN_SUSPICIOUS_MOVE = YES;
				CLANG_WARN_UNGUARDED_AVAILABILITY = YES_AGGRESSIVE;
				CLANG_WARN_UNREACHABLE_CODE = YES;
				CLANG_WARN__DUPLICATE_METHOD_MATCH = YES;
				COPY_PHASE_STRIP = NO;
				DEBUG_INFORMATION_FORMAT = "dwarf-with-dsym";
				ENABLE_NS_ASSERTIONS = NO;
				ENABLE_STRICT_OBJC_MSGSEND = YES;
				GCC_C_LANGUAGE_STANDARD = gnu11;
				GCC_NO_COMMON_BLOCKS = YES;
				GCC_WARN_64_TO_32_BIT_CONVERSION = YES;
				GCC_WARN_ABOUT_RETURN_TYPE = YES_ERROR;
				GCC_WARN_UNDECLARED_SELECTOR = YES;
				GCC_WARN_UNINITIALIZED_AUTOS = YES_AGGRESSIVE;
				GCC_WARN_UNUSED_FUNCTION = YES;
				GCC_WARN_UNUSED_VARIABLE = YES;
				IPHONEOS_DEPLOYMENT_TARGET = 16.2;
				MTL_ENABLE_DEBUG_INFO = NO;
				MTL_FAST_MATH = YES;
				SDKROOT = iphoneos;
				SWIFT_COMPILATION_MODE = wholemodule;
				SWIFT_OPTIMIZATION_LEVEL = "-O";
				VALIDATE_PRODUCT = YES;
			};
			name = Release;
		};
		66BA50E72AAF56B70013EF0D /* Debug */ = {
			isa = XCBuildConfiguration;
			buildSettings = {
				ASSETCATALOG_COMPILER_APPICON_NAME = AppIcon;
				ASSETCATALOG_COMPILER_GLOBAL_ACCENT_COLOR_NAME = AccentColor;
				CODE_SIGN_STYLE = Automatic;
				CURRENT_PROJECT_VERSION = 1;
				DEVELOPMENT_TEAM = V6JVN95K3N;
				GENERATE_INFOPLIST_FILE = YES;
				INFOPLIST_FILE = GroupInbox/Info.plist;
				INFOPLIST_KEY_UIApplicationSupportsIndirectInputEvents = YES;
				INFOPLIST_KEY_UILaunchStoryboardName = LaunchScreen;
				INFOPLIST_KEY_UIMainStoryboardFile = Main;
				INFOPLIST_KEY_UISupportedInterfaceOrientations_iPad = "UIInterfaceOrientationPortrait UIInterfaceOrientationPortraitUpsideDown UIInterfaceOrientationLandscapeLeft UIInterfaceOrientationLandscapeRight";
				INFOPLIST_KEY_UISupportedInterfaceOrientations_iPhone = "UIInterfaceOrientationPortrait UIInterfaceOrientationLandscapeLeft UIInterfaceOrientationLandscapeRight";
				LD_RUNPATH_SEARCH_PATHS = (
					"$(inherited)",
					"@executable_path/Frameworks",
				);
				MARKETING_VERSION = 1.0;
				PRODUCT_BUNDLE_IDENTIFIER = jeungjiseung.GroupInbox;
				PRODUCT_NAME = "$(TARGET_NAME)";
				SWIFT_EMIT_LOC_STRINGS = YES;
				SWIFT_VERSION = 5.0;
				TARGETED_DEVICE_FAMILY = "1,2";
			};
			name = Debug;
		};
		66BA50E82AAF56B70013EF0D /* Release */ = {
			isa = XCBuildConfiguration;
			buildSettings = {
				ASSETCATALOG_COMPILER_APPICON_NAME = AppIcon;
				ASSETCATALOG_COMPILER_GLOBAL_ACCENT_COLOR_NAME = AccentColor;
				CODE_SIGN_STYLE = Automatic;
				CURRENT_PROJECT_VERSION = 1;
				DEVELOPMENT_TEAM = V6JVN95K3N;
				GENERATE_INFOPLIST_FILE = YES;
				INFOPLIST_FILE = GroupInbox/Info.plist;
				INFOPLIST_KEY_UIApplicationSupportsIndirectInputEvents = YES;
				INFOPLIST_KEY_UILaunchStoryboardName = LaunchScreen;
				INFOPLIST_KEY_UIMainStoryboardFile = Main;
				INFOPLIST_KEY_UISupportedInterfaceOrientations_iPad = "UIInterfaceOrientationPortrait UIInterfaceOrientationPortraitUpsideDown UIInterfaceOrientationLandscapeLeft UIInterfaceOrientationLandscapeRight";
				INFOPLIST_KEY_UISupportedInterfaceOrientations_iPhone = "UIInterfaceOrientationPortrait UIInterfaceOrientationLandscapeLeft UIInterfaceOrientationLandscapeRight";
				LD_RUNPATH_SEARCH_PATHS = (
					"$(inherited)",
					"@executable_path/Frameworks",
				);
				MARKETING_VERSION = 1.0;
				PRODUCT_BUNDLE_IDENTIFIER = jeungjiseung.GroupInbox;
				PRODUCT_NAME = "$(TARGET_NAME)";
				SWIFT_EMIT_LOC_STRINGS = YES;
				SWIFT_VERSION = 5.0;
				TARGETED_DEVICE_FAMILY = "1,2";
			};
			name = Release;
		};
/* End XCBuildConfiguration section */

/* Begin XCConfigurationList section */
		66BA50CD2AAF56B60013EF0D /* Build configuration list for PBXProject "GroupInbox" */ = {
			isa = XCConfigurationList;
			buildConfigurations = (
				66BA50E42AAF56B70013EF0D /* Debug */,
				66BA50E52AAF56B70013EF0D /* Release */,
			);
			defaultConfigurationIsVisible = 0;
			defaultConfigurationName = Release;
		};
		66BA50E62AAF56B70013EF0D /* Build configuration list for PBXNativeTarget "GroupInbox" */ = {
			isa = XCConfigurationList;
			buildConfigurations = (
				66BA50E72AAF56B70013EF0D /* Debug */,
				66BA50E82AAF56B70013EF0D /* Release */,
			);
			defaultConfigurationIsVisible = 0;
			defaultConfigurationName = Release;
		};
/* End XCConfigurationList section */

/* Begin XCRemoteSwiftPackageReference section */
		66BA50EB2AAF5A180013EF0D /* XCRemoteSwiftPackageReference "Kingfisher" */ = {
			isa = XCRemoteSwiftPackageReference;
			repositoryURL = "https://github.com/onevcat/Kingfisher.git";
			requirement = {
				kind = upToNextMajorVersion;
				minimumVersion = 7.0.0;
			};
		};
/* End XCRemoteSwiftPackageReference section */

/* Begin XCSwiftPackageProductDependency section */
		66BA50EC2AAF5A180013EF0D /* Kingfisher */ = {
			isa = XCSwiftPackageProductDependency;
			package = 66BA50EB2AAF5A180013EF0D /* XCRemoteSwiftPackageReference "Kingfisher" */;
			productName = Kingfisher;
		};
/* End XCSwiftPackageProductDependency section */
	};
	rootObject = 66BA50CA2AAF56B60013EF0D /* Project object */;
}
